
Microsoft Visual Studio Solution File, Format Version 11.00
# Visual Studio 2010
Project("{FAE04EC0-301F-11D3-BF4B-00C04F79EFBC}") = "PadTie", "PadTie\PadTie.csproj", "{3712D908-8392-4CF4-A18E-AB0685D0B819}"
EndProject
Project("{FAE04EC0-301F-11D3-BF4B-00C04F79EFBC}") = "PadTieTest", "PadTieTest\PadTieTest.csproj", "{CC0E9083-F775-4CE5-A1AE-3F2992B8B7E5}"
EndProject
Project("{FAE04EC0-301F-11D3-BF4B-00C04F79EFBC}") = "PadTieApp", "PadTieApp\PadTieApp.csproj", "{062DA5E5-83AA-4055-BBA6-2FE8F5AF9521}"
EndProject
Project("{54435603-DBB4-11D2-8724-00A0C9A8B90C}") = "PadTieSetup", "PadTieSetup\PadTieSetup.vdproj", "{BACB69B2-1F1B-40AB-9B71-5849E3DAB97B}"
EndProject
Global
	GlobalSection(SolutionConfigurationPlatforms) = preSolution
		Debug|Any CPU = Debug|Any CPU
		Debug|Mixed Platforms = Debug|Mixed Platforms
		Debug|x86 = Debug|x86
		Release|Any CPU = Release|Any CPU
		Release|Mixed Platforms = Release|Mixed Platforms
		Release|x86 = Release|x86
		x86 Release|Any CPU = x86 Release|Any CPU
		x86 Release|Mixed Platforms = x86 Release|Mixed Platforms
		x86 Release|x86 = x86 Release|x86
	EndGlobalSection
	GlobalSection(ProjectConfigurationPlatforms) = postSolution
		{3712D908-8392-4CF4-A18E-AB0685D0B819}.Debug|Any CPU.ActiveCfg = Debug|Any CPU
		{3712D908-8392-4CF4-A18E-AB0685D0B819}.Debug|Any CPU.Build.0 = Debug|Any CPU
		{3712D908-8392-4CF4-A18E-AB0685D0B819}.Debug|Mixed Platforms.ActiveCfg = Debug|Any CPU
		{3712D908-8392-4CF4-A18E-AB0685D0B819}.Debug|Mixed Platforms.Build.0 = Debug|Any CPU
		{3712D908-8392-4CF4-A18E-AB0685D0B819}.Debug|x86.ActiveCfg = Debug|Any CPU
		{3712D908-8392-4CF4-A18E-AB0685D0B819}.Debug|x86.Build.0 = Debug|Any CPU
		{3712D908-8392-4CF4-A18E-AB0685D0B819}.Release|Any CPU.ActiveCfg = Release|Any CPU
		{3712D908-8392-4CF4-A18E-AB0685D0B819}.Release|Any CPU.Build.0 = Release|Any CPU
		{3712D908-8392-4CF4-A18E-AB0685D0B819}.Release|Mixed Platforms.ActiveCfg = Release|Any CPU
		{3712D908-8392-4CF4-A18E-AB0685D0B819}.Release|Mixed Platforms.Build.0 = Release|Any CPU
		{3712D908-8392-4CF4-A18E-AB0685D0B819}.Release|x86.ActiveCfg = Release|x86
		{3712D908-8392-4CF4-A18E-AB0685D0B819}.Release|x86.Build.0 = Release|x86
		{3712D908-8392-4CF4-A18E-AB0685D0B819}.x86 Release|Any CPU.ActiveCfg = x86 Release|Any CPU
		{3712D908-8392-4CF4-A18E-AB0685D0B819}.x86 Release|Mixed Platforms.ActiveCfg = x86 Release|x86
		{3712D908-8392-4CF4-A18E-AB0685D0B819}.x86 Release|Mixed Platforms.Build.0 = x86 Release|x86
		{3712D908-8392-4CF4-A18E-AB0685D0B819}.x86 Release|x86.ActiveCfg = x86 Release|x86
		{3712D908-8392-4CF4-A18E-AB0685D0B819}.x86 Release|x86.Build.0 = x86 Release|x86
		{CC0E9083-F775-4CE5-A1AE-3F2992B8B7E5}.Debug|Any CPU.ActiveCfg = Debug|Any CPU
		{CC0E9083-F775-4CE5-A1AE-3F2992B8B7E5}.Debug|Any CPU.Build.0 = Debug|Any CPU
		{CC0E9083-F775-4CE5-A1AE-3F2992B8B7E5}.Debug|Mixed Platforms.ActiveCfg = Debug|x86
		{CC0E9083-F775-4CE5-A1AE-3F2992B8B7E5}.Debug|Mixed Platforms.Build.0 = Debug|x86
		{CC0E9083-F775-4CE5-A1AE-3F2992B8B7E5}.Debug|x86.ActiveCfg = Debug|Any CPU
		{CC0E9083-F775-4CE5-A1AE-3F2992B8B7E5}.Debug|x86.Build.0 = Debug|Any CPU
		{CC0E9083-F775-4CE5-A1AE-3F2992B8B7E5}.Release|Any CPU.ActiveCfg = Release|Any CPU
		{CC0E9083-F775-4CE5-A1AE-3F2992B8B7E5}.Release|Any CPU.Build.0 = Release|Any CPU
		{CC0E9083-F775-4CE5-A1AE-3F2992B8B7E5}.Release|Mixed Platforms.ActiveCfg = Release|x86
		{CC0E9083-F775-4CE5-A1AE-3F2992B8B7E5}.Release|Mixed Platforms.Build.0 = Release|x86
		{CC0E9083-F775-4CE5-A1AE-3F2992B8B7E5}.Release|x86.ActiveCfg = Release|x86
		{CC0E9083-F775-4CE5-A1AE-3F2992B8B7E5}.Release|x86.Build.0 = Release|x86
		{CC0E9083-F775-4CE5-A1AE-3F2992B8B7E5}.x86 Release|Any CPU.ActiveCfg = x86 Release|Any CPU
		{CC0E9083-F775-4CE5-A1AE-3F2992B8B7E5}.x86 Release|Any CPU.Build.0 = x86 Release|Any CPU
		{CC0E9083-F775-4CE5-A1AE-3F2992B8B7E5}.x86 Release|Mixed Platforms.ActiveCfg = x86 Release|Any CPU
		{CC0E9083-F775-4CE5-A1AE-3F2992B8B7E5}.x86 Release|Mixed Platforms.Build.0 = x86 Release|Any CPU
		{CC0E9083-F775-4CE5-A1AE-3F2992B8B7E5}.x86 Release|x86.ActiveCfg = x86 Release|x86
		{CC0E9083-F775-4CE5-A1AE-3F2992B8B7E5}.x86 Release|x86.Build.0 = x86 Release|x86
		{062DA5E5-83AA-4055-BBA6-2FE8F5AF9521}.Debug|Any CPU.ActiveCfg = Debug|Any CPU
		{062DA5E5-83AA-4055-BBA6-2FE8F5AF9521}.Debug|Any CPU.Build.0 = Debug|Any CPU
		{062DA5E5-83AA-4055-BBA6-2FE8F5AF9521}.Debug|Mixed Platforms.ActiveCfg = Debug|x86
		{062DA5E5-83AA-4055-BBA6-2FE8F5AF9521}.Debug|Mixed Platforms.Build.0 = Debug|x86
		{062DA5E5-83AA-4055-BBA6-2FE8F5AF9521}.Debug|x86.ActiveCfg = Debug|Any CPU
		{062DA5E5-83AA-4055-BBA6-2FE8F5AF9521}.Debug|x86.Build.0 = Debug|Any CPU
		{062DA5E5-83AA-4055-BBA6-2FE8F5AF9521}.Release|Any CPU.ActiveCfg = Release|Any CPU
		{062DA5E5-83AA-4055-BBA6-2FE8F5AF9521}.Release|Any CPU.Build.0 = Release|Any CPU
		{062DA5E5-83AA-4055-BBA6-2FE8F5AF9521}.Release|Mixed Platforms.ActiveCfg = Release|x86
		{062DA5E5-83AA-4055-BBA6-2FE8F5AF9521}.Release|Mixed Platforms.Build.0 = Release|x86
		{062DA5E5-83AA-4055-BBA6-2FE8F5AF9521}.Release|x86.ActiveCfg = Release|x86
		{062DA5E5-83AA-4055-BBA6-2FE8F5AF9521}.Release|x86.Build.0 = Release|x86
		{062DA5E5-83AA-4055-BBA6-2FE8F5AF9521}.x86 Release|Any CPU.ActiveCfg = x86 Release|Any CPU
		{062DA5E5-83AA-4055-BBA6-2FE8F5AF9521}.x86 Release|Any CPU.Build.0 = x86 Release|Any CPU
		{062DA5E5-83AA-4055-BBA6-2FE8F5AF9521}.x86 Release|Mixed Platforms.ActiveCfg = x86 Release|Any CPU
		{062DA5E5-83AA-4055-BBA6-2FE8F5AF9521}.x86 Release|Mixed Platforms.Build.0 = x86 Release|Any CPU
		{062DA5E5-83AA-4055-BBA6-2FE8F5AF9521}.x86 Release|x86.ActiveCfg = x86 Release|x86
		{062DA5E5-83AA-4055-BBA6-2FE8F5AF9521}.x86 Release|x86.Build.0 = x86 Release|x86
		{BACB69B2-1F1B-40AB-9B71-5849E3DAB97B}.Debug|Any CPU.ActiveCfg = Debug
		{BACB69B2-1F1B-40AB-9B71-5849E3DAB97B}.Debug|Mixed Platforms.ActiveCfg = Debug
		{BACB69B2-1F1B-40AB-9B71-5849E3DAB97B}.Debug|x86.ActiveCfg = Debug
		{BACB69B2-1F1B-40AB-9B71-5849E3DAB97B}.Release|Any CPU.ActiveCfg = Release
		{BACB69B2-1F1B-40AB-9B71-5849E3DAB97B}.Release|Any CPU.Build.0 = Release
		{BACB69B2-1F1B-40AB-9B71-5849E3DAB97B}.Release|Mixed Platforms.ActiveCfg = Release
		{BACB69B2-1F1B-40AB-9B71-5849E3DAB97B}.Release|x86.ActiveCfg = Release
		{BACB69B2-1F1B-40AB-9B71-5849E3DAB97B}.Release|x86.Build.0 = Release
		{BACB69B2-1F1B-40AB-9B71-5849E3DAB97B}.x86 Release|Any CPU.ActiveCfg = Release
		{BACB69B2-1F1B-40AB-9B71-5849E3DAB97B}.x86 Release|Mixed Platforms.ActiveCfg = Release
		{BACB69B2-1F1B-40AB-9B71-5849E3DAB97B}.x86 Release|x86.ActiveCfg = Release
	EndGlobalSection
	GlobalSection(SolutionProperties) = preSolution
		HideSolutionNode = FALSE
	EndGlobalSection
EndGlobal
